
Microsoft Visual Studio Solution File, Format Version 12.00
# Visual Studio Version 16
VisualStudioVersion = 16.0.31112.23
MinimumVisualStudioVersion = 10.0.40219.1
Project("{FAE04EC0-301F-11D3-BF4B-00C04F79EFBC}") = "curzi.lorenzo.4H.XamAzureAPI", "curzi.lorenzo.4H.XamAzureAPI\curzi.lorenzo.4H.XamAzureAPI.csproj", "{42432A9B-6E49-4DDB-BC19-DF1D28095D81}"
EndProject
Global
	GlobalSection(SolutionConfigurationPlatforms) = preSolution
		Debug|Any CPU = Debug|Any CPU
		Release|Any CPU = Release|Any CPU
	EndGlobalSection
	GlobalSection(ProjectConfigurationPlatforms) = postSolution
		{42432A9B-6E49-4DDB-BC19-DF1D28095D81}.Debug|Any CPU.ActiveCfg = Debug|Any CPU
		{42432A9B-6E49-4DDB-BC19-DF1D28095D81}.Debug|Any CPU.Build.0 = Debug|Any CPU
		{42432A9B-6E49-4DDB-BC19-DF1D28095D81}.Release|Any CPU.ActiveCfg = Release|Any CPU
		{42432A9B-6E49-4DDB-BC19-DF1D28095D81}.Release|Any CPU.Build.0 = Release|Any CPU
	EndGlobalSection
	GlobalSection(SolutionProperties) = preSolution
		HideSolutionNode = FALSE
	EndGlobalSection
	GlobalSection(ExtensibilityGlobals) = postSolution
		SolutionGuid = {5B7FAC0A-5F5B-4444-AFA5-13D01B64D6DC}
	EndGlobalSection
EndGlobal
